// !$*UTF8*$!
{
	archiveVersion = 1;
	classes = {
	};
	objectVersion = 46;
	objects = {

/* Begin PBXBuildFile section */
		F580B2CC1B09E05600CB4879 /* main.m in Sources */ = {isa = PBXBuildFile; fileRef = F580B2CB1B09E05600CB4879 /* main.m */; };
		F580B2CF1B09E05600CB4879 /* AppDelegate.m in Sources */ = {isa = PBXBuildFile; fileRef = F580B2CE1B09E05600CB4879 /* AppDelegate.m */; };
		F580B2D21B09E05600CB4879 /* ViewController.m in Sources */ = {isa = PBXBuildFile; fileRef = F580B2D11B09E05600CB4879 /* ViewController.m */; };
		F580B2D51B09E05600CB4879 /* Main.storyboard in Resources */ = {isa = PBXBuildFile; fileRef = F580B2D31B09E05600CB4879 /* Main.storyboard */; };
		F580B2D71B09E05600CB4879 /* Images.xcassets in Resources */ = {isa = PBXBuildFile; fileRef = F580B2D61B09E05600CB4879 /* Images.xcassets */; };
		F580B2DA1B09E05600CB4879 /* LaunchScreen.xib in Resources */ = {isa = PBXBuildFile; fileRef = F580B2D81B09E05600CB4879 /* LaunchScreen.xib */; };
		F580B2E61B09E05700CB4879 /* DataStorageDemoTests.m in Sources */ = {isa = PBXBuildFile; fileRef = F580B2E51B09E05700CB4879 /* DataStorageDemoTests.m */; };
		F580B2F11B09E2D400CB4879 /* NSKeyedAchivedViewController.m in Sources */ = {isa = PBXBuildFile; fileRef = F580B2F01B09E2D400CB4879 /* NSKeyedAchivedViewController.m */; };
		F580B2F41B09E31300CB4879 /* NSUserDefaultViewController.m in Sources */ = {isa = PBXBuildFile; fileRef = F580B2F31B09E31300CB4879 /* NSUserDefaultViewController.m */; };
		F580B2F71B09E33D00CB4879 /* FMDBViewController.m in Sources */ = {isa = PBXBuildFile; fileRef = F580B2F61B09E33D00CB4879 /* FMDBViewController.m */; };
		F580B2FA1B09E36E00CB4879 /* WriteFileViewController.m in Sources */ = {isa = PBXBuildFile; fileRef = F580B2F91B09E36E00CB4879 /* WriteFileViewController.m */; };
		F580B2FE1B0A01BA00CB4879 /* DataObject.m in Sources */ = {isa = PBXBuildFile; fileRef = F580B2FD1B0A01BA00CB4879 /* DataObject.m */; };
		F580B3241B0AC6D600CB4879 /* FMDatabase.m in Sources */ = {isa = PBXBuildFile; fileRef = F580B3181B0AC6D600CB4879 /* FMDatabase.m */; };
		F580B3251B0AC6D600CB4879 /* FMDatabaseAdditions.m in Sources */ = {isa = PBXBuildFile; fileRef = F580B31A1B0AC6D600CB4879 /* FMDatabaseAdditions.m */; };
		F580B3261B0AC6D600CB4879 /* FMDatabasePool.m in Sources */ = {isa = PBXBuildFile; fileRef = F580B31C1B0AC6D600CB4879 /* FMDatabasePool.m */; };
		F580B3271B0AC6D600CB4879 /* FMDatabaseQueue.m in Sources */ = {isa = PBXBuildFile; fileRef = F580B31E1B0AC6D600CB4879 /* FMDatabaseQueue.m */; };
		F580B3281B0AC6D600CB4879 /* FMResultSet.m in Sources */ = {isa = PBXBuildFile; fileRef = F580B3211B0AC6D600CB4879 /* FMResultSet.m */; };
		F580B3291B0AC6D600CB4879 /* PSBDataBaseManager.m in Sources */ = {isa = PBXBuildFile; fileRef = F580B3231B0AC6D600CB4879 /* PSBDataBaseManager.m */; };
		F580B32B1B0AC81800CB4879 /* libsqlite3.dylib in Frameworks */ = {isa = PBXBuildFile; fileRef = F580B32A1B0AC81800CB4879 /* libsqlite3.dylib */; };
/* End PBXBuildFile section */

/* Begin PBXContainerItemProxy section */
		F580B2E01B09E05700CB4879 /* PBXContainerItemProxy */ = {
			isa = PBXContainerItemProxy;
			containerPortal = F580B2BE1B09E05600CB4879 /* Project object */;
			proxyType = 1;
			remoteGlobalIDString = F580B2C51B09E05600CB4879;
			remoteInfo = DataStorageDemo;
		};
/* End PBXContainerItemProxy section */

/* Begin PBXFileReference section */
		F580B2C61B09E05600CB4879 /* DataStorageDemo.app */ = {isa = PBXFileReference; explicitFileType = wrapper.application; includeInIndex = 0; path = DataStorageDemo.app; sourceTree = BUILT_PRODUCTS_DIR; };
		F580B2CA1B09E05600CB4879 /* Info.plist */ = {isa = PBXFileReference; lastKnownFileType = text.plist.xml; path = Info.plist; sourceTree = "<group>"; };
		F580B2CB1B09E05600CB4879 /* main.m */ = {isa = PBXFileReference; lastKnownFileType = sourcecode.c.objc; path = main.m; sourceTree = "<group>"; };
		F580B2CD1B09E05600CB4879 /* AppDelegate.h */ = {isa = PBXFileReference; lastKnownFileType = sourcecode.c.h; path = AppDelegate.h; sourceTree = "<group>"; };
		F580B2CE1B09E05600CB4879 /* AppDelegate.m */ = {isa = PBXFileReference; lastKnownFileType = sourcecode.c.objc; path = AppDelegate.m; sourceTree = "<group>"; };
		F580B2D01B09E05600CB4879 /* ViewController.h */ = {isa = PBXFileReference; lastKnownFileType = sourcecode.c.h; path = ViewController.h; sourceTree = "<group>"; };
		F580B2D11B09E05600CB4879 /* ViewController.m */ = {isa = PBXFileReference; lastKnownFileType = sourcecode.c.objc; path = ViewController.m; sourceTree = "<group>"; };
		F580B2D41B09E05600CB4879 /* Base */ = {isa = PBXFileReference; lastKnownFileType = file.storyboard; name = Base; path = Base.lproj/Main.storyboard; sourceTree = "<group>"; };
		F580B2D61B09E05600CB4879 /* Images.xcassets */ = {isa = PBXFileReference; lastKnownFileType = folder.assetcatalog; path = Images.xcassets; sourceTree = "<group>"; };
		F580B2D91B09E05600CB4879 /* Base */ = {isa = PBXFileReference; lastKnownFileType = file.xib; name = Base; path = Base.lproj/LaunchScreen.xib; sourceTree = "<group>"; };
		F580B2DF1B09E05700CB4879 /* DataStorageDemoTests.xctest */ = {isa = PBXFileReference; explicitFileType = wrapper.cfbundle; includeInIndex = 0; path = DataStorageDemoTests.xctest; sourceTree = BUILT_PRODUCTS_DIR; };
		F580B2E41B09E05700CB4879 /* Info.plist */ = {isa = PBXFileReference; lastKnownFileType = text.plist.xml; path = Info.plist; sourceTree = "<group>"; };
		F580B2E51B09E05700CB4879 /* DataStorageDemoTests.m */ = {isa = PBXFileReference; lastKnownFileType = sourcecode.c.objc; path = DataStorageDemoTests.m; sourceTree = "<group>"; };
		F580B2EF1B09E2D400CB4879 /* NSKeyedAchivedViewController.h */ = {isa = PBXFileReference; fileEncoding = 4; lastKnownFileType = sourcecode.c.h; path = NSKeyedAchivedViewController.h; sourceTree = "<group>"; };
		F580B2F01B09E2D400CB4879 /* NSKeyedAchivedViewController.m */ = {isa = PBXFileReference; fileEncoding = 4; lastKnownFileType = sourcecode.c.objc; path = NSKeyedAchivedViewController.m; sourceTree = "<group>"; };
		F580B2F21B09E31300CB4879 /* NSUserDefaultViewController.h */ = {isa = PBXFileReference; fileEncoding = 4; lastKnownFileType = sourcecode.c.h; path = NSUserDefaultViewController.h; sourceTree = "<group>"; };
		F580B2F31B09E31300CB4879 /* NSUserDefaultViewController.m */ = {isa = PBXFileReference; fileEncoding = 4; lastKnownFileType = sourcecode.c.objc; path = NSUserDefaultViewController.m; sourceTree = "<group>"; };
		F580B2F51B09E33D00CB4879 /* FMDBViewController.h */ = {isa = PBXFileReference; fileEncoding = 4; lastKnownFileType = sourcecode.c.h; path = FMDBViewController.h; sourceTree = "<group>"; };
		F580B2F61B09E33D00CB4879 /* FMDBViewController.m */ = {isa = PBXFileReference; fileEncoding = 4; lastKnownFileType = sourcecode.c.objc; path = FMDBViewController.m; sourceTree = "<group>"; };
		F580B2F81B09E36E00CB4879 /* WriteFileViewController.h */ = {isa = PBXFileReference; fileEncoding = 4; lastKnownFileType = sourcecode.c.h; path = WriteFileViewController.h; sourceTree = "<group>"; };
		F580B2F91B09E36E00CB4879 /* WriteFileViewController.m */ = {isa = PBXFileReference; fileEncoding = 4; lastKnownFileType = sourcecode.c.objc; path = WriteFileViewController.m; sourceTree = "<group>"; };
		F580B2FC1B0A01BA00CB4879 /* DataObject.h */ = {isa = PBXFileReference; fileEncoding = 4; lastKnownFileType = sourcecode.c.h; path = DataObject.h; sourceTree = "<group>"; };
		F580B2FD1B0A01BA00CB4879 /* DataObject.m */ = {isa = PBXFileReference; fileEncoding = 4; lastKnownFileType = sourcecode.c.objc; path = DataObject.m; sourceTree = "<group>"; };
		F580B3171B0AC6D600CB4879 /* FMDatabase.h */ = {isa = PBXFileReference; fileEncoding = 4; lastKnownFileType = sourcecode.c.h; path = FMDatabase.h; sourceTree = "<group>"; };
		F580B3181B0AC6D600CB4879 /* FMDatabase.m */ = {isa = PBXFileReference; fileEncoding = 4; lastKnownFileType = sourcecode.c.objc; path = FMDatabase.m; sourceTree = "<group>"; };
		F580B3191B0AC6D600CB4879 /* FMDatabaseAdditions.h */ = {isa = PBXFileReference; fileEncoding = 4; lastKnownFileType = sourcecode.c.h; path = FMDatabaseAdditions.h; sourceTree = "<group>"; };
		F580B31A1B0AC6D600CB4879 /* FMDatabaseAdditions.m */ = {isa = PBXFileReference; fileEncoding = 4; lastKnownFileType = sourcecode.c.objc; path = FMDatabaseAdditions.m; sourceTree = "<group>"; };
		F580B31B1B0AC6D600CB4879 /* FMDatabasePool.h */ = {isa = PBXFileReference; fileEncoding = 4; lastKnownFileType = sourcecode.c.h; path = FMDatabasePool.h; sourceTree = "<group>"; };
		F580B31C1B0AC6D600CB4879 /* FMDatabasePool.m */ = {isa = PBXFileReference; fileEncoding = 4; lastKnownFileType = sourcecode.c.objc; path = FMDatabasePool.m; sourceTree = "<group>"; };
		F580B31D1B0AC6D600CB4879 /* FMDatabaseQueue.h */ = {isa = PBXFileReference; fileEncoding = 4; lastKnownFileType = sourcecode.c.h; path = FMDatabaseQueue.h; sourceTree = "<group>"; };
		F580B31E1B0AC6D600CB4879 /* FMDatabaseQueue.m */ = {isa = PBXFileReference; fileEncoding = 4; lastKnownFileType = sourcecode.c.objc; path = FMDatabaseQueue.m; sourceTree = "<group>"; };
		F580B31F1B0AC6D600CB4879 /* FMDB.h */ = {isa = PBXFileReference; fileEncoding = 4; lastKnownFileType = sourcecode.c.h; path = FMDB.h; sourceTree = "<group>"; };
		F580B3201B0AC6D600CB4879 /* FMResultSet.h */ = {isa = PBXFileReference; fileEncoding = 4; lastKnownFileType = sourcecode.c.h; path = FMResultSet.h; sourceTree = "<group>"; };
		F580B3211B0AC6D600CB4879 /* FMResultSet.m */ = {isa = PBXFileReference; fileEncoding = 4; lastKnownFileType = sourcecode.c.objc; path = FMResultSet.m; sourceTree = "<group>"; };
		F580B3221B0AC6D600CB4879 /* PSBDataBaseManager.h */ = {isa = PBXFileReference; fileEncoding = 4; lastKnownFileType = sourcecode.c.h; path = PSBDataBaseManager.h; sourceTree = "<group>"; };
		F580B3231B0AC6D600CB4879 /* PSBDataBaseManager.m */ = {isa = PBXFileReference; fileEncoding = 4; lastKnownFileType = sourcecode.c.objc; path = PSBDataBaseManager.m; sourceTree = "<group>"; };
		F580B32A1B0AC81800CB4879 /* libsqlite3.dylib */ = {isa = PBXFileReference; lastKnownFileType = "compiled.mach-o.dylib"; name = libsqlite3.dylib; path = usr/lib/libsqlite3.dylib; sourceTree = SDKROOT; };
/* End PBXFileReference section */

/* Begin PBXFrameworksBuildPhase section */
		F580B2C31B09E05600CB4879 /* Frameworks */ = {
			isa = PBXFrameworksBuildPhase;
			buildActionMask = 2147483647;
			files = (
				F580B32B1B0AC81800CB4879 /* libsqlite3.dylib in Frameworks */,
			);
			runOnlyForDeploymentPostprocessing = 0;
		};
		F580B2DC1B09E05700CB4879 /* Frameworks */ = {
			isa = PBXFrameworksBuildPhase;
			buildActionMask = 2147483647;
			files = (
			);
			runOnlyForDeploymentPostprocessing = 0;
		};
/* End PBXFrameworksBuildPhase section */

/* Begin PBXGroup section */
		F580B2BD1B09E05600CB4879 = {
			isa = PBXGroup;
			children = (
				F580B32A1B0AC81800CB4879 /* libsqlite3.dylib */,
				F580B2C81B09E05600CB4879 /* DataStorageDemo */,
				F580B2E21B09E05700CB4879 /* DataStorageDemoTests */,
				F580B2C71B09E05600CB4879 /* Products */,
			);
			sourceTree = "<group>";
		};
		F580B2C71B09E05600CB4879 /* Products */ = {
			isa = PBXGroup;
			children = (
				F580B2C61B09E05600CB4879 /* DataStorageDemo.app */,
				F580B2DF1B09E05700CB4879 /* DataStorageDemoTests.xctest */,
			);
			name = Products;
			sourceTree = "<group>";
		};
		F580B2C81B09E05600CB4879 /* DataStorageDemo */ = {
			isa = PBXGroup;
			children = (
				F580B3151B0AC6D600CB4879 /* PSBDatabaseManager */,
				F580B3001B0A178A00CB4879 /* writeFile */,
				F580B2FF1B0A09F700CB4879 /* NSUserDefaults */,
				F580B2FB1B0A017F00CB4879 /* NSKeyedAchived */,
				F580B2CD1B09E05600CB4879 /* AppDelegate.h */,
				F580B2CE1B09E05600CB4879 /* AppDelegate.m */,
				F580B2D01B09E05600CB4879 /* ViewController.h */,
				F580B2D11B09E05600CB4879 /* ViewController.m */,
				F580B2D31B09E05600CB4879 /* Main.storyboard */,
				F580B2F51B09E33D00CB4879 /* FMDBViewController.h */,
				F580B2F61B09E33D00CB4879 /* FMDBViewController.m */,
				F580B2D61B09E05600CB4879 /* Images.xcassets */,
				F580B2D81B09E05600CB4879 /* LaunchScreen.xib */,
				F580B2C91B09E05600CB4879 /* Supporting Files */,
			);
			path = DataStorageDemo;
			sourceTree = "<group>";
		};
		F580B2C91B09E05600CB4879 /* Supporting Files */ = {
			isa = PBXGroup;
			children = (
				F580B2CA1B09E05600CB4879 /* Info.plist */,
				F580B2CB1B09E05600CB4879 /* main.m */,
			);
			name = "Supporting Files";
			sourceTree = "<group>";
		};
		F580B2E21B09E05700CB4879 /* DataStorageDemoTests */ = {
			isa = PBXGroup;
			children = (
				F580B2E51B09E05700CB4879 /* DataStorageDemoTests.m */,
				F580B2E31B09E05700CB4879 /* Supporting Files */,
			);
			path = DataStorageDemoTests;
			sourceTree = "<group>";
		};
		F580B2E31B09E05700CB4879 /* Supporting Files */ = {
			isa = PBXGroup;
			children = (
				F580B2E41B09E05700CB4879 /* Info.plist */,
			);
			name = "Supporting Files";
			sourceTree = "<group>";
		};
		F580B2FB1B0A017F00CB4879 /* NSKeyedAchived */ = {
			isa = PBXGroup;
			children = (
				F580B2EF1B09E2D400CB4879 /* NSKeyedAchivedViewController.h */,
				F580B2F01B09E2D400CB4879 /* NSKeyedAchivedViewController.m */,
				F580B2FC1B0A01BA00CB4879 /* DataObject.h */,
				F580B2FD1B0A01BA00CB4879 /* DataObject.m */,
			);
			name = NSKeyedAchived;
			sourceTree = "<group>";
		};
		F580B2FF1B0A09F700CB4879 /* NSUserDefaults */ = {
			isa = PBXGroup;
			children = (
				F580B2F21B09E31300CB4879 /* NSUserDefaultViewController.h */,
				F580B2F31B09E31300CB4879 /* NSUserDefaultViewController.m */,
			);
			name = NSUserDefaults;
			sourceTree = "<group>";
		};
		F580B3001B0A178A00CB4879 /* writeFile */ = {
			isa = PBXGroup;
			children = (
				F580B2F81B09E36E00CB4879 /* WriteFileViewController.h */,
				F580B2F91B09E36E00CB4879 /* WriteFileViewController.m */,
			);
			name = writeFile;
			sourceTree = "<group>";
		};
		F580B3151B0AC6D600CB4879 /* PSBDatabaseManager */ = {
			isa = PBXGroup;
			children = (
				F580B3161B0AC6D600CB4879 /* fmdb */,
				F580B3221B0AC6D600CB4879 /* PSBDataBaseManager.h */,
				F580B3231B0AC6D600CB4879 /* PSBDataBaseManager.m */,
			);
			path = PSBDatabaseManager;
			sourceTree = "<group>";
		};
		F580B3161B0AC6D600CB4879 /* fmdb */ = {
			isa = PBXGroup;
			children = (
				F580B3171B0AC6D600CB4879 /* FMDatabase.h */,
				F580B3181B0AC6D600CB4879 /* FMDatabase.m */,
				F580B3191B0AC6D600CB4879 /* FMDatabaseAdditions.h */,
				F580B31A1B0AC6D600CB4879 /* FMDatabaseAdditions.m */,
				F580B31B1B0AC6D600CB4879 /* FMDatabasePool.h */,
				F580B31C1B0AC6D600CB4879 /* FMDatabasePool.m */,
				F580B31D1B0AC6D600CB4879 /* FMDatabaseQueue.h */,
				F580B31E1B0AC6D600CB4879 /* FMDatabaseQueue.m */,
				F580B31F1B0AC6D600CB4879 /* FMDB.h */,
				F580B3201B0AC6D600CB4879 /* FMResultSet.h */,
				F580B3211B0AC6D600CB4879 /* FMResultSet.m */,
			);
			path = fmdb;
			sourceTree = "<group>";
		};
/* End PBXGroup section */

/* Begin PBXNativeTarget section */
		F580B2C51B09E05600CB4879 /* DataStorageDemo */ = {
			isa = PBXNativeTarget;
			buildConfigurationList = F580B2E91B09E05700CB4879 /* Build configuration list for PBXNativeTarget "DataStorageDemo" */;
			buildPhases = (
				F580B2C21B09E05600CB4879 /* Sources */,
				F580B2C31B09E05600CB4879 /* Frameworks */,
				F580B2C41B09E05600CB4879 /* Resources */,
			);
			buildRules = (
			);
			dependencies = (
			);
			name = DataStorageDemo;
			productName = DataStorageDemo;
			productReference = F580B2C61B09E05600CB4879 /* DataStorageDemo.app */;
			productType = "com.apple.product-type.application";
		};
		F580B2DE1B09E05700CB4879 /* DataStorageDemoTests */ = {
			isa = PBXNativeTarget;
			buildConfigurationList = F580B2EC1B09E05700CB4879 /* Build configuration list for PBXNativeTarget "DataStorageDemoTests" */;
			buildPhases = (
				F580B2DB1B09E05700CB4879 /* Sources */,
				F580B2DC1B09E05700CB4879 /* Frameworks */,
				F580B2DD1B09E05700CB4879 /* Resources */,
			);
			buildRules = (
			);
			dependencies = (
				F580B2E11B09E05700CB4879 /* PBXTargetDependency */,
			);
			name = DataStorageDemoTests;
			productName = DataStorageDemoTests;
			productReference = F580B2DF1B09E05700CB4879 /* DataStorageDemoTests.xctest */;
			productType = "com.apple.product-type.bundle.unit-test";
		};
/* End PBXNativeTarget section */

/* Begin PBXProject section */
		F580B2BE1B09E05600CB4879 /* Project object */ = {
			isa = PBXProject;
			attributes = {
				LastUpgradeCheck = 0610;
				ORGANIZATIONNAME = think;
				TargetAttributes = {
					F580B2C51B09E05600CB4879 = {
						CreatedOnToolsVersion = 6.1;
					};
					F580B2DE1B09E05700CB4879 = {
						CreatedOnToolsVersion = 6.1;
						TestTargetID = F580B2C51B09E05600CB4879;
					};
				};
			};
			buildConfigurationList = F580B2C11B09E05600CB4879 /* Build configuration list for PBXProject "DataStorageDemo" */;
			compatibilityVersion = "Xcode 3.2";
			developmentRegion = English;
			hasScannedForEncodings = 0;
			knownRegions = (
				en,
				Base,
			);
			mainGroup = F580B2BD1B09E05600CB4879;
			productRefGroup = F580B2C71B09E05600CB4879 /* Products */;
			projectDirPath = "";
			projectRoot = "";
			targets = (
				F580B2C51B09E05600CB4879 /* DataStorageDemo */,
				F580B2DE1B09E05700CB4879 /* DataStorageDemoTests */,
			);
		};
/* End PBXProject section */

/* Begin PBXResourcesBuildPhase section */
		F580B2C41B09E05600CB4879 /* Resources */ = {
			isa = PBXResourcesBuildPhase;
			buildActionMask = 2147483647;
			files = (
				F580B2D51B09E05600CB4879 /* Main.storyboard in Resources */,
				F580B2DA1B09E05600CB4879 /* LaunchScreen.xib in Resources */,
				F580B2D71B09E05600CB4879 /* Images.xcassets in Resources */,
			);
			runOnlyForDeploymentPostprocessing = 0;
		};
		F580B2DD1B09E05700CB4879 /* Resources */ = {
			isa = PBXResourcesBuildPhase;
			buildActionMask = 2147483647;
			files = (
			);
			runOnlyForDeploymentPostprocessing = 0;
		};
/* End PBXResourcesBuildPhase section */

/* Begin PBXSourcesBuildPhase section */
		F580B2C21B09E05600CB4879 /* Sources */ = {
			isa = PBXSourcesBuildPhase;
			buildActionMask = 2147483647;
			files = (
				F580B2FE1B0A01BA00CB4879 /* DataObject.m in Sources */,
				F580B2D21B09E05600CB4879 /* ViewController.m in Sources */,
				F580B2CF1B09E05600CB4879 /* AppDelegate.m in Sources */,
				F580B3241B0AC6D600CB4879 /* FMDatabase.m in Sources */,
				F580B3291B0AC6D600CB4879 /* PSBDataBaseManager.m in Sources */,
				F580B2FA1B09E36E00CB4879 /* WriteFileViewController.m in Sources */,
				F580B3271B0AC6D600CB4879 /* FMDatabaseQueue.m in Sources */,
				F580B3281B0AC6D600CB4879 /* FMResultSet.m in Sources */,
				F580B3261B0AC6D600CB4879 /* FMDatabasePool.m in Sources */,
				F580B2CC1B09E05600CB4879 /* main.m in Sources */,
				F580B2F71B09E33D00CB4879 /* FMDBViewController.m in Sources */,
				F580B2F41B09E31300CB4879 /* NSUserDefaultViewController.m in Sources */,
				F580B2F11B09E2D400CB4879 /* NSKeyedAchivedViewController.m in Sources */,
				F580B3251B0AC6D600CB4879 /* FMDatabaseAdditions.m in Sources */,
			);
			runOnlyForDeploymentPostprocessing = 0;
		};
		F580B2DB1B09E05700CB4879 /* Sources */ = {
			isa = PBXSourcesBuildPhase;
			buildActionMask = 2147483647;
			files = (
				F580B2E61B09E05700CB4879 /* DataStorageDemoTests.m in Sources */,
			);
			runOnlyForDeploymentPostprocessing = 0;
		};
/* End PBXSourcesBuildPhase section */

/* Begin PBXTargetDependency section */
		F580B2E11B09E05700CB4879 /* PBXTargetDependency */ = {
			isa = PBXTargetDependency;
			target = F580B2C51B09E05600CB4879 /* DataStorageDemo */;
			targetProxy = F580B2E01B09E05700CB4879 /* PBXContainerItemProxy */;
		};
/* End PBXTargetDependency section */

/* Begin PBXVariantGroup section */
		F580B2D31B09E05600CB4879 /* Main.storyboard */ = {
			isa = PBXVariantGroup;
			children = (
				F580B2D41B09E05600CB4879 /* Base */,
			);
			name = Main.storyboard;
			sourceTree = "<group>";
		};
		F580B2D81B09E05600CB4879 /* LaunchScreen.xib */ = {
			isa = PBXVariantGroup;
			children = (
				F580B2D91B09E05600CB4879 /* Base */,
			);
			name = LaunchScreen.xib;
			sourceTree = "<group>";
		};
/* End PBXVariantGroup section */

/* Begin XCBuildConfiguration section */
		F580B2E71B09E05700CB4879 /* Debug */ = {
			isa = XCBuildConfiguration;
			buildSettings = {
				ALWAYS_SEARCH_USER_PATHS = NO;
				CLANG_CXX_LANGUAGE_STANDARD = "gnu++0x";
				CLANG_CXX_LIBRARY = "libc++";
				CLANG_ENABLE_MODULES = YES;
				CLANG_ENABLE_OBJC_ARC = YES;
				CLANG_WARN_BOOL_CONVERSION = YES;
				CLANG_WARN_CONSTANT_CONVERSION = YES;
				CLANG_WARN_DIRECT_OBJC_ISA_USAGE = YES_ERROR;
				CLANG_WARN_EMPTY_BODY = YES;
				CLANG_WARN_ENUM_CONVERSION = YES;
				CLANG_WARN_INT_CONVERSION = YES;
				CLANG_WARN_OBJC_ROOT_CLASS = YES_ERROR;
				CLANG_WARN_UNREACHABLE_CODE = YES;
				CLANG_WARN__DUPLICATE_METHOD_MATCH = YES;
				"CODE_SIGN_IDENTITY[sdk=iphoneos*]" = "iPhone Developer";
				COPY_PHASE_STRIP = NO;
				ENABLE_STRICT_OBJC_MSGSEND = YES;
				GCC_C_LANGUAGE_STANDARD = gnu99;
				GCC_DYNAMIC_NO_PIC = NO;
				GCC_OPTIMIZATION_LEVEL = 0;
				GCC_PREPROCESSOR_DEFINITIONS = (
					"DEBUG=1",
					"$(inherited)",
				);
				GCC_SYMBOLS_PRIVATE_EXTERN = NO;
				GCC_WARN_64_TO_32_BIT_CONVERSION = YES;
				GCC_WARN_ABOUT_RETURN_TYPE = YES_ERROR;
				GCC_WARN_UNDECLARED_SELECTOR = YES;
				GCC_WARN_UNINITIALIZED_AUTOS = YES_AGGRESSIVE;
				GCC_WARN_UNUSED_FUNCTION = YES;
				GCC_WARN_UNUSED_VARIABLE = YES;
				IPHONEOS_DEPLOYMENT_TARGET = 8.1;
				MTL_ENABLE_DEBUG_INFO = YES;
				ONLY_ACTIVE_ARCH = YES;
				SDKROOT = iphoneos;
			};
			name = Debug;
		};
		F580B2E81B09E05700CB4879 /* Release */ = {
			isa = XCBuildConfiguration;
			buildSettings = {
				ALWAYS_SEARCH_USER_PATHS = NO;
				CLANG_CXX_LANGUAGE_STANDARD = "gnu++0x";
				CLANG_CXX_LIBRARY = "libc++";
				CLANG_ENABLE_MODULES = YES;
				CLANG_ENABLE_OBJC_ARC = YES;
				CLANG_WARN_BOOL_CONVERSION = YES;
				CLANG_WARN_CONSTANT_CONVERSION = YES;
				CLANG_WARN_DIRECT_OBJC_ISA_USAGE = YES_ERROR;
				CLANG_WARN_EMPTY_BODY = YES;
				CLANG_WARN_ENUM_CONVERSION = YES;
				CLANG_WARN_INT_CONVERSION = YES;
				CLANG_WARN_OBJC_ROOT_CLASS = YES_ERROR;
				CLANG_WARN_UNREACHABLE_CODE = YES;
				CLANG_WARN__DUPLICATE_METHOD_MATCH = YES;
				"CODE_SIGN_IDENTITY[sdk=iphoneos*]" = "iPhone Developer";
				COPY_PHASE_STRIP = YES;
				ENABLE_NS_ASSERTIONS = NO;
				ENABLE_STRICT_OBJC_MSGSEND = YES;
				GCC_C_LANGUAGE_STANDARD = gnu99;
				GCC_WARN_64_TO_32_BIT_CONVERSION = YES;
				GCC_WARN_ABOUT_RETURN_TYPE = YES_ERROR;
				GCC_WARN_UNDECLARED_SELECTOR = YES;
				GCC_WARN_UNINITIALIZED_AUTOS = YES_AGGRESSIVE;
				GCC_WARN_UNUSED_FUNCTION = YES;
				GCC_WARN_UNUSED_VARIABLE = YES;
				IPHONEOS_DEPLOYMENT_TARGET = 8.1;
				MTL_ENABLE_DEBUG_INFO = NO;
				SDKROOT = iphoneos;
				VALIDATE_PRODUCT = YES;
			};
			name = Release;
		};
		F580B2EA1B09E05700CB4879 /* Debug */ = {
			isa = XCBuildConfiguration;
			buildSettings = {
				ASSETCATALOG_COMPILER_APPICON_NAME = AppIcon;
				INFOPLIST_FILE = DataStorageDemo/Info.plist;
				LD_RUNPATH_SEARCH_PATHS = "$(inherited) @executable_path/Frameworks";
				PRODUCT_NAME = "$(TARGET_NAME)";
			};
			name = Debug;
		};
		F580B2EB1B09E05700CB4879 /* Release */ = {
			isa = XCBuildConfiguration;
			buildSettings = {
				ASSETCATALOG_COMPILER_APPICON_NAME = AppIcon;
				INFOPLIST_FILE = DataStorageDemo/Info.plist;
				LD_RUNPATH_SEARCH_PATHS = "$(inherited) @executable_path/Frameworks";
				PRODUCT_NAME = "$(TARGET_NAME)";
			};
			name = Release;
		};
		F580B2ED1B09E05700CB4879 /* Debug */ = {
			isa = XCBuildConfiguration;
			buildSettings = {
				BUNDLE_LOADER = "$(TEST_HOST)";
				FRAMEWORK_SEARCH_PATHS = (
					"$(SDKROOT)/Developer/Library/Frameworks",
					"$(inherited)",
				);
				GCC_PREPROCESSOR_DEFINITIONS = (
					"DEBUG=1",
					"$(inherited)",
				);
				INFOPLIST_FILE = DataStorageDemoTests/Info.plist;
				LD_RUNPATH_SEARCH_PATHS = "$(inherited) @executable_path/Frameworks @loader_path/Frameworks";
				PRODUCT_NAME = "$(TARGET_NAME)";
				TEST_HOST = "$(BUILT_PRODUCTS_DIR)/DataStorageDemo.app/DataStorageDemo";
			};
			name = Debug;
		};
		F580B2EE1B09E05700CB4879 /* Release */ = {
			isa = XCBuildConfiguration;
			buildSettings = {
				BUNDLE_LOADER = "$(TEST_HOST)";
				FRAMEWORK_SEARCH_PATHS = (
					"$(SDKROOT)/Developer/Library/Frameworks",
					"$(inherited)",
				);
				INFOPLIST_FILE = DataStorageDemoTests/Info.plist;
				LD_RUNPATH_SEARCH_PATHS = "$(inherited) @executable_path/Frameworks @loader_path/Frameworks";
				PRODUCT_NAME = "$(TARGET_NAME)";
				TEST_HOST = "$(BUILT_PRODUCTS_DIR)/DataStorageDemo.app/DataStorageDemo";
			};
			name = Release;
		};
/* End XCBuildConfiguration section */

/* Begin XCConfigurationList section */
		F580B2C11B09E05600CB4879 /* Build configuration list for PBXProject "DataStorageDemo" */ = {
			isa = XCConfigurationList;
			buildConfigurations = (
				F580B2E71B09E05700CB4879 /* Debug */,
				F580B2E81B09E05700CB4879 /* Release */,
			);
			defaultConfigurationIsVisible = 0;
			defaultConfigurationName = Release;
		};
		F580B2E91B09E05700CB4879 /* Build configuration list for PBXNativeTarget "DataStorageDemo" */ = {
			isa = XCConfigurationList;
			buildConfigurations = (
				F580B2EA1B09E05700CB4879 /* Debug */,
				F580B2EB1B09E05700CB4879 /* Release */,
			);
			defaultConfigurationIsVisible = 0;
		};
		F580B2EC1B09E05700CB4879 /* Build configuration list for PBXNativeTarget "DataStorageDemoTests" */ = {
			isa = XCConfigurationList;
			buildConfigurations = (
				F580B2ED1B09E05700CB4879 /* Debug */,
				F580B2EE1B09E05700CB4879 /* Release */,
			);
			defaultConfigurationIsVisible = 0;
		};
/* End XCConfigurationList section */
	};
	rootObject = F580B2BE1B09E05600CB4879 /* Project object */;
}
